// !$*UTF8*$!
{
	archiveVersion = 1;
	classes = {
	};
	objectVersion = 46;
	objects = {

/* Begin PBXBuildFile section */
		995148611F67A76500C1227C /* AppDelegate.swift in Sources */ = {isa = PBXBuildFile; fileRef = 995148601F67A76500C1227C /* AppDelegate.swift */; };
		995148641F67A76500C1227C /* CoreDataMigration.xcdatamodeld in Sources */ = {isa = PBXBuildFile; fileRef = 995148621F67A76500C1227C /* CoreDataMigration.xcdatamodeld */; };
		995148661F67A76500C1227C /* MasterViewController.swift in Sources */ = {isa = PBXBuildFile; fileRef = 995148651F67A76500C1227C /* MasterViewController.swift */; };
		995148681F67A76500C1227C /* DetailViewController.swift in Sources */ = {isa = PBXBuildFile; fileRef = 995148671F67A76500C1227C /* DetailViewController.swift */; };
		9951486B1F67A76500C1227C /* Main.storyboard in Resources */ = {isa = PBXBuildFile; fileRef = 995148691F67A76500C1227C /* Main.storyboard */; };
		9951486D1F67A76500C1227C /* Assets.xcassets in Resources */ = {isa = PBXBuildFile; fileRef = 9951486C1F67A76500C1227C /* Assets.xcassets */; };
		995148701F67A76500C1227C /* LaunchScreen.storyboard in Resources */ = {isa = PBXBuildFile; fileRef = 9951486E1F67A76500C1227C /* LaunchScreen.storyboard */; };
/* End PBXBuildFile section */

/* Begin PBXFileReference section */
		9951485D1F67A76500C1227C /* CoreDataMigration.app */ = {isa = PBXFileReference; explicitFileType = wrapper.application; includeInIndex = 0; path = CoreDataMigration.app; sourceTree = BUILT_PRODUCTS_DIR; };
		995148601F67A76500C1227C /* AppDelegate.swift */ = {isa = PBXFileReference; lastKnownFileType = sourcecode.swift; path = AppDelegate.swift; sourceTree = "<group>"; };
		995148631F67A76500C1227C /* CoreDataMigration.xcdatamodel */ = {isa = PBXFileReference; lastKnownFileType = wrapper.xcdatamodel; path = CoreDataMigration.xcdatamodel; sourceTree = "<group>"; };
		995148651F67A76500C1227C /* MasterViewController.swift */ = {isa = PBXFileReference; lastKnownFileType = sourcecode.swift; path = MasterViewController.swift; sourceTree = "<group>"; };
		995148671F67A76500C1227C /* DetailViewController.swift */ = {isa = PBXFileReference; lastKnownFileType = sourcecode.swift; path = DetailViewController.swift; sourceTree = "<group>"; };
		9951486A1F67A76500C1227C /* Base */ = {isa = PBXFileReference; lastKnownFileType = file.storyboard; name = Base; path = Base.lproj/Main.storyboard; sourceTree = "<group>"; };
		9951486C1F67A76500C1227C /* Assets.xcassets */ = {isa = PBXFileReference; lastKnownFileType = folder.assetcatalog; path = Assets.xcassets; sourceTree = "<group>"; };
		9951486F1F67A76500C1227C /* Base */ = {isa = PBXFileReference; lastKnownFileType = file.storyboard; name = Base; path = Base.lproj/LaunchScreen.storyboard; sourceTree = "<group>"; };
		995148711F67A76500C1227C /* Info.plist */ = {isa = PBXFileReference; lastKnownFileType = text.plist.xml; path = Info.plist; sourceTree = "<group>"; };
/* End PBXFileReference section */

/* Begin PBXFrameworksBuildPhase section */
		9951485A1F67A76500C1227C /* Frameworks */ = {
			isa = PBXFrameworksBuildPhase;
			buildActionMask = 2147483647;
			files = (
			);
			runOnlyForDeploymentPostprocessing = 0;
		};
/* End PBXFrameworksBuildPhase section */

/* Begin PBXGroup section */
		995148541F67A76500C1227C = {
			isa = PBXGroup;
			children = (
				9951485F1F67A76500C1227C /* CoreDataMigration */,
				9951485E1F67A76500C1227C /* Products */,
			);
			sourceTree = "<group>";
		};
		9951485E1F67A76500C1227C /* Products */ = {
			isa = PBXGroup;
			children = (
				9951485D1F67A76500C1227C /* CoreDataMigration.app */,
			);
			name = Products;
			sourceTree = "<group>";
		};
		9951485F1F67A76500C1227C /* CoreDataMigration */ = {
			isa = PBXGroup;
			children = (
				995148601F67A76500C1227C /* AppDelegate.swift */,
				995148651F67A76500C1227C /* MasterViewController.swift */,
				995148671F67A76500C1227C /* DetailViewController.swift */,
				995148691F67A76500C1227C /* Main.storyboard */,
				9951486C1F67A76500C1227C /* Assets.xcassets */,
				9951486E1F67A76500C1227C /* LaunchScreen.storyboard */,
				995148711F67A76500C1227C /* Info.plist */,
				995148621F67A76500C1227C /* CoreDataMigration.xcdatamodeld */,
			);
			path = CoreDataMigration;
			sourceTree = "<group>";
		};
/* End PBXGroup section */

/* Begin PBXNativeTarget section */
		9951485C1F67A76500C1227C /* CoreDataMigration */ = {
			isa = PBXNativeTarget;
			buildConfigurationList = 995148741F67A76500C1227C /* Build configuration list for PBXNativeTarget "CoreDataMigration" */;
			buildPhases = (
				995148591F67A76500C1227C /* Sources */,
				9951485A1F67A76500C1227C /* Frameworks */,
				9951485B1F67A76500C1227C /* Resources */,
			);
			buildRules = (
			);
			dependencies = (
			);
			name = CoreDataMigration;
			productName = CoreDataMigration;
			productReference = 9951485D1F67A76500C1227C /* CoreDataMigration.app */;
			productType = "com.apple.product-type.application";
		};
/* End PBXNativeTarget section */

/* Begin PBXProject section */
		995148551F67A76500C1227C /* Project object */ = {
			isa = PBXProject;
			attributes = {
				LastSwiftUpdateCheck = 0830;
				LastUpgradeCheck = 0830;
				ORGANIZATIONNAME = "xiangyu sun";
				TargetAttributes = {
					9951485C1F67A76500C1227C = {
						CreatedOnToolsVersion = 8.3.3;
						DevelopmentTeam = U8355NX55G;
						ProvisioningStyle = Automatic;
					};
				};
			};
			buildConfigurationList = 995148581F67A76500C1227C /* Build configuration list for PBXProject "CoreDataMigration" */;
			compatibilityVersion = "Xcode 3.2";
			developmentRegion = English;
			hasScannedForEncodings = 0;
			knownRegions = (
				en,
				Base,
			);
			mainGroup = 995148541F67A76500C1227C;
			productRefGroup = 9951485E1F67A76500C1227C /* Products */;
			projectDirPath = "";
			projectRoot = "";
			targets = (
				9951485C1F67A76500C1227C /* CoreDataMigration */,
			);
		};
/* End PBXProject section */

/* Begin PBXResourcesBuildPhase section */
		9951485B1F67A76500C1227C /* Resources */ = {
			isa = PBXResourcesBuildPhase;
			buildActionMask = 2147483647;
			files = (
				995148701F67A76500C1227C /* LaunchScreen.storyboard in Resources */,
				9951486D1F67A76500C1227C /* Assets.xcassets in Resources */,
				9951486B1F67A76500C1227C /* Main.storyboard in Resources */,
			);
			runOnlyForDeploymentPostprocessing = 0;
		};
/* End PBXResourcesBuildPhase section */

/* Begin PBXSourcesBuildPhase section */
		995148591F67A76500C1227C /* Sources */ = {
			isa = PBXSourcesBuildPhase;
			buildActionMask = 2147483647;
			files = (
				995148611F67A76500C1227C /* AppDelegate.swift in Sources */,
				995148641F67A76500C1227C /* CoreDataMigration.xcdatamodeld in Sources */,
				995148661F67A76500C1227C /* MasterViewController.swift in Sources */,
				995148681F67A76500C1227C /* DetailViewController.swift in Sources */,
			);
			runOnlyForDeploymentPostprocessing = 0;
		};
/* End PBXSourcesBuildPhase section */

/* Begin PBXVariantGroup section */
		995148691F67A76500C1227C /* Main.storyboard */ = {
			isa = PBXVariantGroup;
			children = (
				9951486A1F67A76500C1227C /* Base */,
			);
			name = Main.storyboard;
			sourceTree = "<group>";
		};
		9951486E1F67A76500C1227C /* LaunchScreen.storyboard */ = {
			isa = PBXVariantGroup;
			children = (
				9951486F1F67A76500C1227C /* Base */,
			);
			name = LaunchScreen.storyboard;
			sourceTree = "<group>";
		};
/* End PBXVariantGroup section */

/* Begin XCBuildConfiguration section */
		995148721F67A76500C1227C /* Debug */ = {
			isa = XCBuildConfiguration;
			buildSettings = {
				ALWAYS_SEARCH_USER_PATHS = NO;
				CLANG_ANALYZER_NONNULL = YES;
				CLANG_ANALYZER_NUMBER_OBJECT_CONVERSION = YES_AGGRESSIVE;
				CLANG_CXX_LANGUAGE_STANDARD = "gnu++0x";
				CLANG_CXX_LIBRARY = "libc++";
				CLANG_ENABLE_MODULES = YES;
				CLANG_ENABLE_OBJC_ARC = YES;
				CLANG_WARN_BOOL_CONVERSION = YES;
				CLANG_WARN_CONSTANT_CONVERSION = YES;
				CLANG_WARN_DIRECT_OBJC_ISA_USAGE = YES_ERROR;
				CLANG_WARN_DOCUMENTATION_COMMENTS = YES;
				CLANG_WARN_EMPTY_BODY = YES;
				CLANG_WARN_ENUM_CONVERSION = YES;
				CLANG_WARN_INFINITE_RECURSION = YES;
				CLANG_WARN_INT_CONVERSION = YES;
				CLANG_WARN_OBJC_ROOT_CLASS = YES_ERROR;
				CLANG_WARN_SUSPICIOUS_MOVE = YES;
				CLANG_WARN_UNREACHABLE_CODE = YES;
				CLANG_WARN__DUPLICATE_METHOD_MATCH = YES;
				"CODE_SIGN_IDENTITY[sdk=iphoneos*]" = "iPhone Developer";
				COPY_PHASE_STRIP = NO;
				DEBUG_INFORMATION_FORMAT = dwarf;
				ENABLE_STRICT_OBJC_MSGSEND = YES;
				ENABLE_TESTABILITY = YES;
				GCC_C_LANGUAGE_STANDARD = gnu99;
				GCC_DYNAMIC_NO_PIC = NO;
				GCC_NO_COMMON_BLOCKS = YES;
				GCC_OPTIMIZATION_LEVEL = 0;
				GCC_PREPROCESSOR_DEFINITIONS = (
					"DEBUG=1",
					"$(inherited)",
				);
				GCC_WARN_64_TO_32_BIT_CONVERSION = YES;
				GCC_WARN_ABOUT_RETURN_TYPE = YES_ERROR;
				GCC_WARN_UNDECLARED_SELECTOR = YES;
				GCC_WARN_UNINITIALIZED_AUTOS = YES_AGGRESSIVE;
				GCC_WARN_UNUSED_FUNCTION = YES;
				GCC_WARN_UNUSED_VARIABLE = YES;
				IPHONEOS_DEPLOYMENT_TARGET = 10.3;
				MTL_ENABLE_DEBUG_INFO = YES;
				ONLY_ACTIVE_ARCH = YES;
				SDKROOT = iphoneos;
				SWIFT_ACTIVE_COMPILATION_CONDITIONS = DEBUG;
				SWIFT_OPTIMIZATION_LEVEL = "-Onone";
				TARGETED_DEVICE_FAMILY = "1,2";
			};
			name = Debug;
		};
		995148731F67A76500C1227C /* Release */ = {
			isa = XCBuildConfiguration;
			buildSettings = {
				ALWAYS_SEARCH_USER_PATHS = NO;
				CLANG_ANALYZER_NONNULL = YES;
				CLANG_ANALYZER_NUMBER_OBJECT_CONVERSION = YES_AGGRESSIVE;
				CLANG_CXX_LANGUAGE_STANDARD = "gnu++0x";
				CLANG_CXX_LIBRARY = "libc++";
				CLANG_ENABLE_MODULES = YES;
				CLANG_ENABLE_OBJC_ARC = YES;
				CLANG_WARN_BOOL_CONVERSION = YES;
				CLANG_WARN_CONSTANT_CONVERSION = YES;
				CLANG_WARN_DIRECT_OBJC_ISA_USAGE = YES_ERROR;
				CLANG_WARN_DOCUMENTATION_COMMENTS = YES;
				CLANG_WARN_EMPTY_BODY = YES;
				CLANG_WARN_ENUM_CONVERSION = YES;
				CLANG_WARN_INFINITE_RECURSION = YES;
				CLANG_WARN_INT_CONVERSION = YES;
				CLANG_WARN_OBJC_ROOT_CLASS = YES_ERROR;
				CLANG_WARN_SUSPICIOUS_MOVE = YES;
				CLANG_WARN_UNREACHABLE_CODE = YES;
				CLANG_WARN__DUPLICATE_METHOD_MATCH = YES;
				"CODE_SIGN_IDENTITY[sdk=iphoneos*]" = "iPhone Developer";
				COPY_PHASE_STRIP = NO;
				DEBUG_INFORMATION_FORMAT = "dwarf-with-dsym";
				ENABLE_NS_ASSERTIONS = NO;
				ENABLE_STRICT_OBJC_MSGSEND = YES;
				GCC_C_LANGUAGE_STANDARD = gnu99;
				GCC_NO_COMMON_BLOCKS = YES;
				GCC_WARN_64_TO_32_BIT_CONVERSION = YES;
				GCC_WARN_ABOUT_RETURN_TYPE = YES_ERROR;
				GCC_WARN_UNDECLARED_SELECTOR = YES;
				GCC_WARN_UNINITIALIZED_AUTOS = YES_AGGRESSIVE;
				GCC_WARN_UNUSED_FUNCTION = YES;
				GCC_WARN_UNUSED_VARIABLE = YES;
				IPHONEOS_DEPLOYMENT_TARGET = 10.3;
				MTL_ENABLE_DEBUG_INFO = NO;
				SDKROOT = iphoneos;
				SWIFT_OPTIMIZATION_LEVEL = "-Owholemodule";
				TARGETED_DEVICE_FAMILY = "1,2";
				VALIDATE_PRODUCT = YES;
			};
			name = Release;
		};
		995148751F67A76500C1227C /* Debug */ = {
			isa = XCBuildConfiguration;
			buildSettings = {
				ASSETCATALOG_COMPILER_APPICON_NAME = AppIcon;
				DEVELOPMENT_TEAM = U8355NX55G;
				INFOPLIST_FILE = CoreDataMigration/Info.plist;
				LD_RUNPATH_SEARCH_PATHS = "$(inherited) @executable_path/Frameworks";
				PRODUCT_BUNDLE_IDENTIFIER = com.uriphium.CoreDataMigration;
				PRODUCT_NAME = "$(TARGET_NAME)";
				SWIFT_VERSION = 3.0;
			};
			name = Debug;
		};
		995148761F67A76500C1227C /* Release */ = {
			isa = XCBuildConfiguration;
			buildSettings = {
				ASSETCATALOG_COMPILER_APPICON_NAME = AppIcon;
				DEVELOPMENT_TEAM = U8355NX55G;
				INFOPLIST_FILE = CoreDataMigration/Info.plist;
				LD_RUNPATH_SEARCH_PATHS = "$(inherited) @executable_path/Frameworks";
				PRODUCT_BUNDLE_IDENTIFIER = com.uriphium.CoreDataMigration;
				PRODUCT_NAME = "$(TARGET_NAME)";
				SWIFT_VERSION = 3.0;
			};
			name = Release;
		};
/* End XCBuildConfiguration section */

/* Begin XCConfigurationList section */
		995148581F67A76500C1227C /* Build configuration list for PBXProject "CoreDataMigration" */ = {
			isa = XCConfigurationList;
			buildConfigurations = (
				995148721F67A76500C1227C /* Debug */,
				995148731F67A76500C1227C /* Release */,
			);
			defaultConfigurationIsVisible = 0;
			defaultConfigurationName = Release;
		};
		995148741F67A76500C1227C /* Build configuration list for PBXNativeTarget "CoreDataMigration" */ = {
			isa = XCConfigurationList;
			buildConfigurations = (
				995148751F67A76500C1227C /* Debug */,
				995148761F67A76500C1227C /* Release */,
			);
			defaultConfigurationIsVisible = 0;
		};
/* End XCConfigurationList section */

/* Begin XCVersionGroup section */
		995148621F67A76500C1227C /* CoreDataMigration.xcdatamodeld */ = {
			isa = XCVersionGroup;
			children = (
				995148631F67A76500C1227C /* CoreDataMigration.xcdatamodel */,
			);
			currentVersion = 995148631F67A76500C1227C /* CoreDataMigration.xcdatamodel */;
			path = CoreDataMigration.xcdatamodeld;
			sourceTree = "<group>";
			versionGroupType = wrapper.xcdatamodel;
		};
/* End XCVersionGroup section */
	};
	rootObject = 995148551F67A76500C1227C /* Project object */;
}
